
Microsoft Visual Studio Solution File, Format Version 12.00
# Visual Studio Version 16
VisualStudioVersion = 16.0.30523.141
MinimumVisualStudioVersion = 10.0.40219.1
Project("{FAE04EC0-301F-11D3-BF4B-00C04F79EFBC}") = "lab13.5", "lab13.5.csproj", "{726AB018-25FB-4251-9DAB-3B6CC492B6BE}"
EndProject
Global
	GlobalSection(SolutionConfigurationPlatforms) = preSolution
		Debug|Any CPU = Debug|Any CPU
		Release|Any CPU = Release|Any CPU
	EndGlobalSection
	GlobalSection(ProjectConfigurationPlatforms) = postSolution
		{726AB018-25FB-4251-9DAB-3B6CC492B6BE}.Debug|Any CPU.ActiveCfg = Debug|Any CPU
		{726AB018-25FB-4251-9DAB-3B6CC492B6BE}.Debug|Any CPU.Build.0 = Debug|Any CPU
		{726AB018-25FB-4251-9DAB-3B6CC492B6BE}.Release|Any CPU.ActiveCfg = Release|Any CPU
		{726AB018-25FB-4251-9DAB-3B6CC492B6BE}.Release|Any CPU.Build.0 = Release|Any CPU
	EndGlobalSection
	GlobalSection(SolutionProperties) = preSolution
		HideSolutionNode = FALSE
	EndGlobalSection
	GlobalSection(ExtensibilityGlobals) = postSolution
		SolutionGuid = {29F71302-29FA-401F-BE7E-F49483A96DC1}
	EndGlobalSection
EndGlobal
