
Microsoft Visual Studio Solution File, Format Version 12.00
# Visual Studio Version 16
VisualStudioVersion = 16.0.30523.141
MinimumVisualStudioVersion = 10.0.40219.1
Project("{FAE04EC0-301F-11D3-BF4B-00C04F79EFBC}") = "lab6.6-7", "lab6.6-7.csproj", "{AA46A675-7930-460D-89F9-F83521B6E9B0}"
EndProject
Global
	GlobalSection(SolutionConfigurationPlatforms) = preSolution
		Debug|Any CPU = Debug|Any CPU
		Release|Any CPU = Release|Any CPU
	EndGlobalSection
	GlobalSection(ProjectConfigurationPlatforms) = postSolution
		{AA46A675-7930-460D-89F9-F83521B6E9B0}.Debug|Any CPU.ActiveCfg = Debug|Any CPU
		{AA46A675-7930-460D-89F9-F83521B6E9B0}.Debug|Any CPU.Build.0 = Debug|Any CPU
		{AA46A675-7930-460D-89F9-F83521B6E9B0}.Release|Any CPU.ActiveCfg = Release|Any CPU
		{AA46A675-7930-460D-89F9-F83521B6E9B0}.Release|Any CPU.Build.0 = Release|Any CPU
	EndGlobalSection
	GlobalSection(SolutionProperties) = preSolution
		HideSolutionNode = FALSE
	EndGlobalSection
	GlobalSection(ExtensibilityGlobals) = postSolution
		SolutionGuid = {6F0E99D6-834E-42F1-AA00-79DF1B51AD06}
	EndGlobalSection
EndGlobal
