
Microsoft Visual Studio Solution File, Format Version 12.00
# Visual Studio Version 16
VisualStudioVersion = 16.0.30523.141
MinimumVisualStudioVersion = 10.0.40219.1
Project("{FAE04EC0-301F-11D3-BF4B-00C04F79EFBC}") = "lab12.1", "lab12.1.csproj", "{AAAFD33F-01FE-4325-8A2A-E5A9262D7FF2}"
EndProject
Global
	GlobalSection(SolutionConfigurationPlatforms) = preSolution
		Debug|Any CPU = Debug|Any CPU
		Release|Any CPU = Release|Any CPU
	EndGlobalSection
	GlobalSection(ProjectConfigurationPlatforms) = postSolution
		{AAAFD33F-01FE-4325-8A2A-E5A9262D7FF2}.Debug|Any CPU.ActiveCfg = Debug|Any CPU
		{AAAFD33F-01FE-4325-8A2A-E5A9262D7FF2}.Debug|Any CPU.Build.0 = Debug|Any CPU
		{AAAFD33F-01FE-4325-8A2A-E5A9262D7FF2}.Release|Any CPU.ActiveCfg = Release|Any CPU
		{AAAFD33F-01FE-4325-8A2A-E5A9262D7FF2}.Release|Any CPU.Build.0 = Release|Any CPU
	EndGlobalSection
	GlobalSection(SolutionProperties) = preSolution
		HideSolutionNode = FALSE
	EndGlobalSection
	GlobalSection(ExtensibilityGlobals) = postSolution
		SolutionGuid = {649336ED-1873-4567-B1B6-2C01B504D216}
	EndGlobalSection
EndGlobal
