
Microsoft Visual Studio Solution File, Format Version 12.00
# Visual Studio Version 16
VisualStudioVersion = 16.0.30523.141
MinimumVisualStudioVersion = 10.0.40219.1
Project("{FAE04EC0-301F-11D3-BF4B-00C04F79EFBC}") = "lab7.3-4", "lab7.3-4.csproj", "{6E8E1FD9-B250-40FC-98A9-038A87C26E32}"
EndProject
Global
	GlobalSection(SolutionConfigurationPlatforms) = preSolution
		Debug|Any CPU = Debug|Any CPU
		Release|Any CPU = Release|Any CPU
	EndGlobalSection
	GlobalSection(ProjectConfigurationPlatforms) = postSolution
		{6E8E1FD9-B250-40FC-98A9-038A87C26E32}.Debug|Any CPU.ActiveCfg = Debug|Any CPU
		{6E8E1FD9-B250-40FC-98A9-038A87C26E32}.Debug|Any CPU.Build.0 = Debug|Any CPU
		{6E8E1FD9-B250-40FC-98A9-038A87C26E32}.Release|Any CPU.ActiveCfg = Release|Any CPU
		{6E8E1FD9-B250-40FC-98A9-038A87C26E32}.Release|Any CPU.Build.0 = Release|Any CPU
	EndGlobalSection
	GlobalSection(SolutionProperties) = preSolution
		HideSolutionNode = FALSE
	EndGlobalSection
	GlobalSection(ExtensibilityGlobals) = postSolution
		SolutionGuid = {28262D7A-441B-4513-BA17-7BB3D4DED322}
	EndGlobalSection
EndGlobal
