
Microsoft Visual Studio Solution File, Format Version 12.00
# Visual Studio Version 16
VisualStudioVersion = 16.0.30523.141
MinimumVisualStudioVersion = 10.0.40219.1
Project("{FAE04EC0-301F-11D3-BF4B-00C04F79EFBC}") = "lab16.2", "lab16.2.csproj", "{21095927-D435-4131-BE73-077E6A793CAD}"
EndProject
Global
	GlobalSection(SolutionConfigurationPlatforms) = preSolution
		Debug|Any CPU = Debug|Any CPU
		Release|Any CPU = Release|Any CPU
	EndGlobalSection
	GlobalSection(ProjectConfigurationPlatforms) = postSolution
		{21095927-D435-4131-BE73-077E6A793CAD}.Debug|Any CPU.ActiveCfg = Debug|Any CPU
		{21095927-D435-4131-BE73-077E6A793CAD}.Debug|Any CPU.Build.0 = Debug|Any CPU
		{21095927-D435-4131-BE73-077E6A793CAD}.Release|Any CPU.ActiveCfg = Release|Any CPU
		{21095927-D435-4131-BE73-077E6A793CAD}.Release|Any CPU.Build.0 = Release|Any CPU
	EndGlobalSection
	GlobalSection(SolutionProperties) = preSolution
		HideSolutionNode = FALSE
	EndGlobalSection
	GlobalSection(ExtensibilityGlobals) = postSolution
		SolutionGuid = {3605697E-ABED-4F1C-A6DA-BD65C185741E}
	EndGlobalSection
EndGlobal
