
Microsoft Visual Studio Solution File, Format Version 12.00
# Visual Studio Version 16
VisualStudioVersion = 16.0.30523.141
MinimumVisualStudioVersion = 10.0.40219.1
Project("{FAE04EC0-301F-11D3-BF4B-00C04F79EFBC}") = "lab16.3", "lab16.3.csproj", "{10E176D8-6911-4FBF-AF59-8AEBE57FD298}"
EndProject
Global
	GlobalSection(SolutionConfigurationPlatforms) = preSolution
		Debug|Any CPU = Debug|Any CPU
		Release|Any CPU = Release|Any CPU
	EndGlobalSection
	GlobalSection(ProjectConfigurationPlatforms) = postSolution
		{10E176D8-6911-4FBF-AF59-8AEBE57FD298}.Debug|Any CPU.ActiveCfg = Debug|Any CPU
		{10E176D8-6911-4FBF-AF59-8AEBE57FD298}.Debug|Any CPU.Build.0 = Debug|Any CPU
		{10E176D8-6911-4FBF-AF59-8AEBE57FD298}.Release|Any CPU.ActiveCfg = Release|Any CPU
		{10E176D8-6911-4FBF-AF59-8AEBE57FD298}.Release|Any CPU.Build.0 = Release|Any CPU
	EndGlobalSection
	GlobalSection(SolutionProperties) = preSolution
		HideSolutionNode = FALSE
	EndGlobalSection
	GlobalSection(ExtensibilityGlobals) = postSolution
		SolutionGuid = {A558024D-C70F-4079-A70A-2F81DB019965}
	EndGlobalSection
EndGlobal
