
Microsoft Visual Studio Solution File, Format Version 12.00
# Visual Studio Version 16
VisualStudioVersion = 16.0.30523.141
MinimumVisualStudioVersion = 10.0.40219.1
Project("{FAE04EC0-301F-11D3-BF4B-00C04F79EFBC}") = "lab17.5", "lab17.5.csproj", "{24DD3AB6-826C-4E37-8B7C-75B862517E36}"
EndProject
Global
	GlobalSection(SolutionConfigurationPlatforms) = preSolution
		Debug|Any CPU = Debug|Any CPU
		Release|Any CPU = Release|Any CPU
	EndGlobalSection
	GlobalSection(ProjectConfigurationPlatforms) = postSolution
		{24DD3AB6-826C-4E37-8B7C-75B862517E36}.Debug|Any CPU.ActiveCfg = Debug|Any CPU
		{24DD3AB6-826C-4E37-8B7C-75B862517E36}.Debug|Any CPU.Build.0 = Debug|Any CPU
		{24DD3AB6-826C-4E37-8B7C-75B862517E36}.Release|Any CPU.ActiveCfg = Release|Any CPU
		{24DD3AB6-826C-4E37-8B7C-75B862517E36}.Release|Any CPU.Build.0 = Release|Any CPU
	EndGlobalSection
	GlobalSection(SolutionProperties) = preSolution
		HideSolutionNode = FALSE
	EndGlobalSection
	GlobalSection(ExtensibilityGlobals) = postSolution
		SolutionGuid = {35F36F10-7CA6-47A5-A4CA-810155577829}
	EndGlobalSection
EndGlobal
