
Microsoft Visual Studio Solution File, Format Version 12.00
# Visual Studio Version 16
VisualStudioVersion = 16.0.30523.141
MinimumVisualStudioVersion = 10.0.40219.1
Project("{FAE04EC0-301F-11D3-BF4B-00C04F79EFBC}") = "lab17.3", "lab17.3.csproj", "{1C71AD78-F590-47DE-A053-9399A8388BF3}"
EndProject
Global
	GlobalSection(SolutionConfigurationPlatforms) = preSolution
		Debug|Any CPU = Debug|Any CPU
		Release|Any CPU = Release|Any CPU
	EndGlobalSection
	GlobalSection(ProjectConfigurationPlatforms) = postSolution
		{1C71AD78-F590-47DE-A053-9399A8388BF3}.Debug|Any CPU.ActiveCfg = Debug|Any CPU
		{1C71AD78-F590-47DE-A053-9399A8388BF3}.Debug|Any CPU.Build.0 = Debug|Any CPU
		{1C71AD78-F590-47DE-A053-9399A8388BF3}.Release|Any CPU.ActiveCfg = Release|Any CPU
		{1C71AD78-F590-47DE-A053-9399A8388BF3}.Release|Any CPU.Build.0 = Release|Any CPU
	EndGlobalSection
	GlobalSection(SolutionProperties) = preSolution
		HideSolutionNode = FALSE
	EndGlobalSection
	GlobalSection(ExtensibilityGlobals) = postSolution
		SolutionGuid = {CC9BECE3-DDD9-4756-9602-A884988A0672}
	EndGlobalSection
EndGlobal
